
Microsoft Visual Studio Solution File, Format Version 12.00
# Visual Studio Version 17
VisualStudioVersion = 17.5.002.0
MinimumVisualStudioVersion = 10.0.40219.1
Project("{2150E333-8FDC-42A3-9474-1A3956D46DE8}") = "CsharpProjects", "CsharpProjects", "{DE62A59B-75A5-4DCF-B163-B518C840D71A}"
EndProject
Project("{9A19103F-16F7-4668-BE54-9A1E7A4F7556}") = "conditional-excercise", "CsharpProjects\conditional-excercise\conditional-excercise.csproj", "{BE499DF7-3D59-4C25-B2FD-D38B69B8C2FA}"
EndProject
Project("{9A19103F-16F7-4668-BE54-9A1E7A4F7556}") = "TestProject", "CsharpProjects\TestProject\TestProject.csproj", "{B995BF62-6178-42B3-93F7-4CD9399E2578}"
EndProject
Project("{9A19103F-16F7-4668-BE54-9A1E7A4F7556}") = "iteration-excercises", "CsharpProjects\iteration-excercises\iteration-excercises.csproj", "{39896BED-FA88-4F7E-B562-4BAEA3714601}"
EndProject
Project("{9A19103F-16F7-4668-BE54-9A1E7A4F7556}") = "Excercise", "CsharpProjects\Excercise\Excercise.csproj", "{B6D961F4-8A3C-432D-B10E-A0945614FF2D}"
EndProject
Project("{9A19103F-16F7-4668-BE54-9A1E7A4F7556}") = "fizz-buzz-challenge", "CsharpProjects\fizz-buzz-challenge\fizz-buzz-challenge.csproj", "{8482490E-1753-4035-9DFF-C2139317422E}"
EndProject
Project("{9A19103F-16F7-4668-BE54-9A1E7A4F7556}") = "Arrays", "CsharpProjects\Arrays\Arrays.csproj", "{D0327B7E-D822-4F63-8D54-810E26E52DAA}"
EndProject
Project("{9A19103F-16F7-4668-BE54-9A1E7A4F7556}") = "conditional-logic", "CsharpProjects\conditional-logic\conditional-logic.csproj", "{6180E1DC-0964-4F94-B733-A256E8EE483B}"
EndProject
Project("{9A19103F-16F7-4668-BE54-9A1E7A4F7556}") = "switch-case-excercise", "CsharpProjects\switch-case-excercise\switch-case-excercise.csproj", "{F58445CD-EC1C-40AD-BD8D-9DE43D3C96B8}"
EndProject
Project("{9A19103F-16F7-4668-BE54-9A1E7A4F7556}") = "variable-scope", "CsharpProjects\variable-scope\variable-scope.csproj", "{21AD7812-D12A-4ABA-9DBA-75B1AB73E6A8}"
EndProject
Project("{9A19103F-16F7-4668-BE54-9A1E7A4F7556}") = "excercise2", "CsharpProjects\excercise2\excercise2.csproj", "{0CB61C0F-0A00-4D97-BB9B-B2D4CFC0E1B6}"
EndProject
Project("{2150E333-8FDC-42A3-9474-1A3956D46DE8}") = "Guided-project-foreach-if-array-CSharp-main", "Guided-project-foreach-if-array-CSharp-main", "{BF4151F0-9719-4A58-BEEF-FC6666394819}"
EndProject
Project("{2150E333-8FDC-42A3-9474-1A3956D46DE8}") = "GuidedProject", "GuidedProject", "{2798E4A1-8912-4283-8C5F-4B6275BDAE63}"
EndProject
Project("{9A19103F-16F7-4668-BE54-9A1E7A4F7556}") = "Starter", "Guided-project-foreach-if-array-CSharp-main\GuidedProject\Starter\Starter.csproj", "{110924F4-85C4-4A15-94B3-8B569ADF398C}"
EndProject
Project("{9A19103F-16F7-4668-BE54-9A1E7A4F7556}") = "Final", "Guided-project-foreach-if-array-CSharp-main\GuidedProject\Final\Final.csproj", "{B8966427-5122-445C-8E09-BCC5ECD31E15}"
EndProject
Project("{2150E333-8FDC-42A3-9474-1A3956D46DE8}") = "Challenge-project-foreach-if-array-CSharp-main", "Challenge-project-foreach-if-array-CSharp-main", "{4A8E72EA-D6A8-4A0C-A4CC-65519681E985}"
EndProject
Project("{2150E333-8FDC-42A3-9474-1A3956D46DE8}") = "ChallengeProject", "ChallengeProject", "{82D9C8FD-5296-4927-937D-09D9769BE9B1}"
EndProject
Project("{9A19103F-16F7-4668-BE54-9A1E7A4F7556}") = "Starter", "Challenge-project-foreach-if-array-CSharp-main\ChallengeProject\Starter\Starter.csproj", "{73BFDD5F-AC82-46CB-905A-46FCD06C8BDF}"
EndProject
Project("{9A19103F-16F7-4668-BE54-9A1E7A4F7556}") = "Final", "Challenge-project-foreach-if-array-CSharp-main\ChallengeProject\Final\Final.csproj", "{4434C1C9-9E72-4143-BE2D-82D2BCABAECC}"
EndProject
Global
	GlobalSection(SolutionConfigurationPlatforms) = preSolution
		Debug|Any CPU = Debug|Any CPU
		Release|Any CPU = Release|Any CPU
	EndGlobalSection
	GlobalSection(ProjectConfigurationPlatforms) = postSolution
		{BE499DF7-3D59-4C25-B2FD-D38B69B8C2FA}.Debug|Any CPU.ActiveCfg = Debug|Any CPU
		{BE499DF7-3D59-4C25-B2FD-D38B69B8C2FA}.Debug|Any CPU.Build.0 = Debug|Any CPU
		{BE499DF7-3D59-4C25-B2FD-D38B69B8C2FA}.Release|Any CPU.ActiveCfg = Release|Any CPU
		{BE499DF7-3D59-4C25-B2FD-D38B69B8C2FA}.Release|Any CPU.Build.0 = Release|Any CPU
		{B995BF62-6178-42B3-93F7-4CD9399E2578}.Debug|Any CPU.ActiveCfg = Debug|Any CPU
		{B995BF62-6178-42B3-93F7-4CD9399E2578}.Debug|Any CPU.Build.0 = Debug|Any CPU
		{B995BF62-6178-42B3-93F7-4CD9399E2578}.Release|Any CPU.ActiveCfg = Release|Any CPU
		{B995BF62-6178-42B3-93F7-4CD9399E2578}.Release|Any CPU.Build.0 = Release|Any CPU
		{39896BED-FA88-4F7E-B562-4BAEA3714601}.Debug|Any CPU.ActiveCfg = Debug|Any CPU
		{39896BED-FA88-4F7E-B562-4BAEA3714601}.Debug|Any CPU.Build.0 = Debug|Any CPU
		{39896BED-FA88-4F7E-B562-4BAEA3714601}.Release|Any CPU.ActiveCfg = Release|Any CPU
		{39896BED-FA88-4F7E-B562-4BAEA3714601}.Release|Any CPU.Build.0 = Release|Any CPU
		{B6D961F4-8A3C-432D-B10E-A0945614FF2D}.Debug|Any CPU.ActiveCfg = Debug|Any CPU
		{B6D961F4-8A3C-432D-B10E-A0945614FF2D}.Debug|Any CPU.Build.0 = Debug|Any CPU
		{B6D961F4-8A3C-432D-B10E-A0945614FF2D}.Release|Any CPU.ActiveCfg = Release|Any CPU
		{B6D961F4-8A3C-432D-B10E-A0945614FF2D}.Release|Any CPU.Build.0 = Release|Any CPU
		{8482490E-1753-4035-9DFF-C2139317422E}.Debug|Any CPU.ActiveCfg = Debug|Any CPU
		{8482490E-1753-4035-9DFF-C2139317422E}.Debug|Any CPU.Build.0 = Debug|Any CPU
		{8482490E-1753-4035-9DFF-C2139317422E}.Release|Any CPU.ActiveCfg = Release|Any CPU
		{8482490E-1753-4035-9DFF-C2139317422E}.Release|Any CPU.Build.0 = Release|Any CPU
		{D0327B7E-D822-4F63-8D54-810E26E52DAA}.Debug|Any CPU.ActiveCfg = Debug|Any CPU
		{D0327B7E-D822-4F63-8D54-810E26E52DAA}.Debug|Any CPU.Build.0 = Debug|Any CPU
		{D0327B7E-D822-4F63-8D54-810E26E52DAA}.Release|Any CPU.ActiveCfg = Release|Any CPU
		{D0327B7E-D822-4F63-8D54-810E26E52DAA}.Release|Any CPU.Build.0 = Release|Any CPU
		{6180E1DC-0964-4F94-B733-A256E8EE483B}.Debug|Any CPU.ActiveCfg = Debug|Any CPU
		{6180E1DC-0964-4F94-B733-A256E8EE483B}.Debug|Any CPU.Build.0 = Debug|Any CPU
		{6180E1DC-0964-4F94-B733-A256E8EE483B}.Release|Any CPU.ActiveCfg = Release|Any CPU
		{6180E1DC-0964-4F94-B733-A256E8EE483B}.Release|Any CPU.Build.0 = Release|Any CPU
		{F58445CD-EC1C-40AD-BD8D-9DE43D3C96B8}.Debug|Any CPU.ActiveCfg = Debug|Any CPU
		{F58445CD-EC1C-40AD-BD8D-9DE43D3C96B8}.Debug|Any CPU.Build.0 = Debug|Any CPU
		{F58445CD-EC1C-40AD-BD8D-9DE43D3C96B8}.Release|Any CPU.ActiveCfg = Release|Any CPU
		{F58445CD-EC1C-40AD-BD8D-9DE43D3C96B8}.Release|Any CPU.Build.0 = Release|Any CPU
		{21AD7812-D12A-4ABA-9DBA-75B1AB73E6A8}.Debug|Any CPU.ActiveCfg = Debug|Any CPU
		{21AD7812-D12A-4ABA-9DBA-75B1AB73E6A8}.Debug|Any CPU.Build.0 = Debug|Any CPU
		{21AD7812-D12A-4ABA-9DBA-75B1AB73E6A8}.Release|Any CPU.ActiveCfg = Release|Any CPU
		{21AD7812-D12A-4ABA-9DBA-75B1AB73E6A8}.Release|Any CPU.Build.0 = Release|Any CPU
		{0CB61C0F-0A00-4D97-BB9B-B2D4CFC0E1B6}.Debug|Any CPU.ActiveCfg = Debug|Any CPU
		{0CB61C0F-0A00-4D97-BB9B-B2D4CFC0E1B6}.Debug|Any CPU.Build.0 = Debug|Any CPU
		{0CB61C0F-0A00-4D97-BB9B-B2D4CFC0E1B6}.Release|Any CPU.ActiveCfg = Release|Any CPU
		{0CB61C0F-0A00-4D97-BB9B-B2D4CFC0E1B6}.Release|Any CPU.Build.0 = Release|Any CPU
		{110924F4-85C4-4A15-94B3-8B569ADF398C}.Debug|Any CPU.ActiveCfg = Debug|Any CPU
		{110924F4-85C4-4A15-94B3-8B569ADF398C}.Debug|Any CPU.Build.0 = Debug|Any CPU
		{110924F4-85C4-4A15-94B3-8B569ADF398C}.Release|Any CPU.ActiveCfg = Release|Any CPU
		{110924F4-85C4-4A15-94B3-8B569ADF398C}.Release|Any CPU.Build.0 = Release|Any CPU
		{B8966427-5122-445C-8E09-BCC5ECD31E15}.Debug|Any CPU.ActiveCfg = Debug|Any CPU
		{B8966427-5122-445C-8E09-BCC5ECD31E15}.Debug|Any CPU.Build.0 = Debug|Any CPU
		{B8966427-5122-445C-8E09-BCC5ECD31E15}.Release|Any CPU.ActiveCfg = Release|Any CPU
		{B8966427-5122-445C-8E09-BCC5ECD31E15}.Release|Any CPU.Build.0 = Release|Any CPU
		{73BFDD5F-AC82-46CB-905A-46FCD06C8BDF}.Debug|Any CPU.ActiveCfg = Debug|Any CPU
		{73BFDD5F-AC82-46CB-905A-46FCD06C8BDF}.Debug|Any CPU.Build.0 = Debug|Any CPU
		{73BFDD5F-AC82-46CB-905A-46FCD06C8BDF}.Release|Any CPU.ActiveCfg = Release|Any CPU
		{73BFDD5F-AC82-46CB-905A-46FCD06C8BDF}.Release|Any CPU.Build.0 = Release|Any CPU
		{4434C1C9-9E72-4143-BE2D-82D2BCABAECC}.Debug|Any CPU.ActiveCfg = Debug|Any CPU
		{4434C1C9-9E72-4143-BE2D-82D2BCABAECC}.Debug|Any CPU.Build.0 = Debug|Any CPU
		{4434C1C9-9E72-4143-BE2D-82D2BCABAECC}.Release|Any CPU.ActiveCfg = Release|Any CPU
		{4434C1C9-9E72-4143-BE2D-82D2BCABAECC}.Release|Any CPU.Build.0 = Release|Any CPU
	EndGlobalSection
	GlobalSection(SolutionProperties) = preSolution
		HideSolutionNode = FALSE
	EndGlobalSection
	GlobalSection(NestedProjects) = preSolution
		{BE499DF7-3D59-4C25-B2FD-D38B69B8C2FA} = {DE62A59B-75A5-4DCF-B163-B518C840D71A}
		{B995BF62-6178-42B3-93F7-4CD9399E2578} = {DE62A59B-75A5-4DCF-B163-B518C840D71A}
		{39896BED-FA88-4F7E-B562-4BAEA3714601} = {DE62A59B-75A5-4DCF-B163-B518C840D71A}
		{B6D961F4-8A3C-432D-B10E-A0945614FF2D} = {DE62A59B-75A5-4DCF-B163-B518C840D71A}
		{8482490E-1753-4035-9DFF-C2139317422E} = {DE62A59B-75A5-4DCF-B163-B518C840D71A}
		{D0327B7E-D822-4F63-8D54-810E26E52DAA} = {DE62A59B-75A5-4DCF-B163-B518C840D71A}
		{6180E1DC-0964-4F94-B733-A256E8EE483B} = {DE62A59B-75A5-4DCF-B163-B518C840D71A}
		{F58445CD-EC1C-40AD-BD8D-9DE43D3C96B8} = {DE62A59B-75A5-4DCF-B163-B518C840D71A}
		{21AD7812-D12A-4ABA-9DBA-75B1AB73E6A8} = {DE62A59B-75A5-4DCF-B163-B518C840D71A}
		{0CB61C0F-0A00-4D97-BB9B-B2D4CFC0E1B6} = {DE62A59B-75A5-4DCF-B163-B518C840D71A}
		{2798E4A1-8912-4283-8C5F-4B6275BDAE63} = {BF4151F0-9719-4A58-BEEF-FC6666394819}
		{110924F4-85C4-4A15-94B3-8B569ADF398C} = {2798E4A1-8912-4283-8C5F-4B6275BDAE63}
		{B8966427-5122-445C-8E09-BCC5ECD31E15} = {2798E4A1-8912-4283-8C5F-4B6275BDAE63}
		{82D9C8FD-5296-4927-937D-09D9769BE9B1} = {4A8E72EA-D6A8-4A0C-A4CC-65519681E985}
		{73BFDD5F-AC82-46CB-905A-46FCD06C8BDF} = {82D9C8FD-5296-4927-937D-09D9769BE9B1}
		{4434C1C9-9E72-4143-BE2D-82D2BCABAECC} = {82D9C8FD-5296-4927-937D-09D9769BE9B1}
	EndGlobalSection
	GlobalSection(ExtensibilityGlobals) = postSolution
		SolutionGuid = {9D4D2048-6022-4807-AB2F-3275BDCE4E3A}
	EndGlobalSection
EndGlobal
