
Microsoft Visual Studio Solution File, Format Version 12.00
# Visual Studio Version 17
VisualStudioVersion = 17.5.002.0
MinimumVisualStudioVersion = 10.0.40219.1
Project("{2150E333-8FDC-42A3-9474-1A3956D46DE8}") = "CsharpProjects", "CsharpProjects", "{C58327D1-C7D6-4CC4-AFFD-72C308DD1CA1}"
EndProject
Project("{9A19103F-16F7-4668-BE54-9A1E7A4F7556}") = "conditional-excercise", "CsharpProjects\conditional-excercise\conditional-excercise.csproj", "{96B36C76-BAA5-4CF6-B217-DBEE68047C09}"
EndProject
Project("{9A19103F-16F7-4668-BE54-9A1E7A4F7556}") = "TestProject", "CsharpProjects\TestProject\TestProject.csproj", "{6DDCCEE4-88DE-4A90-AED8-255AB3ECF186}"
EndProject
Project("{9A19103F-16F7-4668-BE54-9A1E7A4F7556}") = "iteration-excercises", "CsharpProjects\iteration-excercises\iteration-excercises.csproj", "{E34D41B2-9CDD-481A-BC7D-23763C0B3AEB}"
EndProject
Project("{9A19103F-16F7-4668-BE54-9A1E7A4F7556}") = "Excercise", "CsharpProjects\Excercise\Excercise.csproj", "{E43D65E7-F812-4A13-86A4-7E21F83830BD}"
EndProject
Project("{9A19103F-16F7-4668-BE54-9A1E7A4F7556}") = "do-while-loop", "CsharpProjects\do-while-loop\do-while-loop.csproj", "{2E912BF7-6F7C-4FD3-B600-D4E7C80A6ECF}"
EndProject
Project("{9A19103F-16F7-4668-BE54-9A1E7A4F7556}") = "fizz-buzz-challenge", "CsharpProjects\fizz-buzz-challenge\fizz-buzz-challenge.csproj", "{A9626562-7252-4A21-B1F9-C0C5DD394ECA}"
EndProject
Project("{9A19103F-16F7-4668-BE54-9A1E7A4F7556}") = "Arrays", "CsharpProjects\Arrays\Arrays.csproj", "{010AEA95-F5FB-445F-8F92-D2420879F34C}"
EndProject
Project("{9A19103F-16F7-4668-BE54-9A1E7A4F7556}") = "conditional-logic", "CsharpProjects\conditional-logic\conditional-logic.csproj", "{FAE61FB7-A46C-4462-83E6-23469850616A}"
EndProject
Project("{9A19103F-16F7-4668-BE54-9A1E7A4F7556}") = "battle-challenge", "CsharpProjects\battle-challenge\battle-challenge.csproj", "{F897421A-0288-4F90-8863-C1DC47FD53EC}"
EndProject
Project("{9A19103F-16F7-4668-BE54-9A1E7A4F7556}") = "switch-case-excercise", "CsharpProjects\switch-case-excercise\switch-case-excercise.csproj", "{5E18CD12-E8F1-49D7-8D09-E0B0E52E720D}"
EndProject
Project("{9A19103F-16F7-4668-BE54-9A1E7A4F7556}") = "variable-scope", "CsharpProjects\variable-scope\variable-scope.csproj", "{B898BDF3-5D76-4F35-8617-2437C56C31F8}"
EndProject
Project("{9A19103F-16F7-4668-BE54-9A1E7A4F7556}") = "excercise2", "CsharpProjects\excercise2\excercise2.csproj", "{767F2947-F494-4B8F-90D7-D0B1F99AD471}"
EndProject
Project("{2150E333-8FDC-42A3-9474-1A3956D46DE8}") = "Guided-project-foreach-if-array-CSharp-main", "Guided-project-foreach-if-array-CSharp-main", "{A3875D84-E764-4687-8FB2-BD3927DE8AB7}"
EndProject
Project("{2150E333-8FDC-42A3-9474-1A3956D46DE8}") = "GuidedProject", "GuidedProject", "{CF9D1525-AA6B-48FF-8301-184FA869B7F4}"
EndProject
Project("{9A19103F-16F7-4668-BE54-9A1E7A4F7556}") = "Starter", "Guided-project-foreach-if-array-CSharp-main\GuidedProject\Starter\Starter.csproj", "{246882C8-7F94-4F7B-9908-B923C7ABE0B1}"
EndProject
Project("{9A19103F-16F7-4668-BE54-9A1E7A4F7556}") = "Final", "Guided-project-foreach-if-array-CSharp-main\GuidedProject\Final\Final.csproj", "{C1C2BC21-35CC-411C-AEB1-B8172D595F87}"
EndProject
Project("{2150E333-8FDC-42A3-9474-1A3956D46DE8}") = "branching-looping-Guided-project", "branching-looping-Guided-project", "{93310AFF-01AF-4A26-A3F2-3564EEBC1A18}"
EndProject
Project("{2150E333-8FDC-42A3-9474-1A3956D46DE8}") = "GuidedProject", "GuidedProject", "{F5E0BF09-8FAB-4DE2-A353-618245419F22}"
EndProject
Project("{9A19103F-16F7-4668-BE54-9A1E7A4F7556}") = "Starter", "branching-looping-Guided-project\GuidedProject\Starter\Starter.csproj", "{9877B2B5-E76A-4AA6-8057-E7C271D2C254}"
EndProject
Project("{9A19103F-16F7-4668-BE54-9A1E7A4F7556}") = "Final", "branching-looping-Guided-project\GuidedProject\Final\Final.csproj", "{D0079AC6-EDD9-45AD-9915-5BB233ACDBDE}"
EndProject
Project("{2150E333-8FDC-42A3-9474-1A3956D46DE8}") = "Challenge-project-foreach-if-array-CSharp-main", "Challenge-project-foreach-if-array-CSharp-main", "{C126D511-0463-45A4-8418-0A99EB1CAF3F}"
EndProject
Project("{2150E333-8FDC-42A3-9474-1A3956D46DE8}") = "ChallengeProject", "ChallengeProject", "{90716FAD-93F2-4746-9DBD-8FA2CAFFD23D}"
EndProject
Project("{9A19103F-16F7-4668-BE54-9A1E7A4F7556}") = "Starter", "Challenge-project-foreach-if-array-CSharp-main\ChallengeProject\Starter\Starter.csproj", "{DB439969-E20E-427F-BEF9-483BF4EA8825}"
EndProject
Project("{9A19103F-16F7-4668-BE54-9A1E7A4F7556}") = "Final", "Challenge-project-foreach-if-array-CSharp-main\ChallengeProject\Final\Final.csproj", "{C0D42C6F-7695-452D-9DAB-C576E45D989D}"
EndProject
Global
	GlobalSection(SolutionConfigurationPlatforms) = preSolution
		Debug|Any CPU = Debug|Any CPU
		Release|Any CPU = Release|Any CPU
	EndGlobalSection
	GlobalSection(ProjectConfigurationPlatforms) = postSolution
		{96B36C76-BAA5-4CF6-B217-DBEE68047C09}.Debug|Any CPU.ActiveCfg = Debug|Any CPU
		{96B36C76-BAA5-4CF6-B217-DBEE68047C09}.Debug|Any CPU.Build.0 = Debug|Any CPU
		{96B36C76-BAA5-4CF6-B217-DBEE68047C09}.Release|Any CPU.ActiveCfg = Release|Any CPU
		{96B36C76-BAA5-4CF6-B217-DBEE68047C09}.Release|Any CPU.Build.0 = Release|Any CPU
		{6DDCCEE4-88DE-4A90-AED8-255AB3ECF186}.Debug|Any CPU.ActiveCfg = Debug|Any CPU
		{6DDCCEE4-88DE-4A90-AED8-255AB3ECF186}.Debug|Any CPU.Build.0 = Debug|Any CPU
		{6DDCCEE4-88DE-4A90-AED8-255AB3ECF186}.Release|Any CPU.ActiveCfg = Release|Any CPU
		{6DDCCEE4-88DE-4A90-AED8-255AB3ECF186}.Release|Any CPU.Build.0 = Release|Any CPU
		{E34D41B2-9CDD-481A-BC7D-23763C0B3AEB}.Debug|Any CPU.ActiveCfg = Debug|Any CPU
		{E34D41B2-9CDD-481A-BC7D-23763C0B3AEB}.Debug|Any CPU.Build.0 = Debug|Any CPU
		{E34D41B2-9CDD-481A-BC7D-23763C0B3AEB}.Release|Any CPU.ActiveCfg = Release|Any CPU
		{E34D41B2-9CDD-481A-BC7D-23763C0B3AEB}.Release|Any CPU.Build.0 = Release|Any CPU
		{E43D65E7-F812-4A13-86A4-7E21F83830BD}.Debug|Any CPU.ActiveCfg = Debug|Any CPU
		{E43D65E7-F812-4A13-86A4-7E21F83830BD}.Debug|Any CPU.Build.0 = Debug|Any CPU
		{E43D65E7-F812-4A13-86A4-7E21F83830BD}.Release|Any CPU.ActiveCfg = Release|Any CPU
		{E43D65E7-F812-4A13-86A4-7E21F83830BD}.Release|Any CPU.Build.0 = Release|Any CPU
		{2E912BF7-6F7C-4FD3-B600-D4E7C80A6ECF}.Debug|Any CPU.ActiveCfg = Debug|Any CPU
		{2E912BF7-6F7C-4FD3-B600-D4E7C80A6ECF}.Debug|Any CPU.Build.0 = Debug|Any CPU
		{2E912BF7-6F7C-4FD3-B600-D4E7C80A6ECF}.Release|Any CPU.ActiveCfg = Release|Any CPU
		{2E912BF7-6F7C-4FD3-B600-D4E7C80A6ECF}.Release|Any CPU.Build.0 = Release|Any CPU
		{A9626562-7252-4A21-B1F9-C0C5DD394ECA}.Debug|Any CPU.ActiveCfg = Debug|Any CPU
		{A9626562-7252-4A21-B1F9-C0C5DD394ECA}.Debug|Any CPU.Build.0 = Debug|Any CPU
		{A9626562-7252-4A21-B1F9-C0C5DD394ECA}.Release|Any CPU.ActiveCfg = Release|Any CPU
		{A9626562-7252-4A21-B1F9-C0C5DD394ECA}.Release|Any CPU.Build.0 = Release|Any CPU
		{010AEA95-F5FB-445F-8F92-D2420879F34C}.Debug|Any CPU.ActiveCfg = Debug|Any CPU
		{010AEA95-F5FB-445F-8F92-D2420879F34C}.Debug|Any CPU.Build.0 = Debug|Any CPU
		{010AEA95-F5FB-445F-8F92-D2420879F34C}.Release|Any CPU.ActiveCfg = Release|Any CPU
		{010AEA95-F5FB-445F-8F92-D2420879F34C}.Release|Any CPU.Build.0 = Release|Any CPU
		{FAE61FB7-A46C-4462-83E6-23469850616A}.Debug|Any CPU.ActiveCfg = Debug|Any CPU
		{FAE61FB7-A46C-4462-83E6-23469850616A}.Debug|Any CPU.Build.0 = Debug|Any CPU
		{FAE61FB7-A46C-4462-83E6-23469850616A}.Release|Any CPU.ActiveCfg = Release|Any CPU
		{FAE61FB7-A46C-4462-83E6-23469850616A}.Release|Any CPU.Build.0 = Release|Any CPU
		{F897421A-0288-4F90-8863-C1DC47FD53EC}.Debug|Any CPU.ActiveCfg = Debug|Any CPU
		{F897421A-0288-4F90-8863-C1DC47FD53EC}.Debug|Any CPU.Build.0 = Debug|Any CPU
		{F897421A-0288-4F90-8863-C1DC47FD53EC}.Release|Any CPU.ActiveCfg = Release|Any CPU
		{F897421A-0288-4F90-8863-C1DC47FD53EC}.Release|Any CPU.Build.0 = Release|Any CPU
		{5E18CD12-E8F1-49D7-8D09-E0B0E52E720D}.Debug|Any CPU.ActiveCfg = Debug|Any CPU
		{5E18CD12-E8F1-49D7-8D09-E0B0E52E720D}.Debug|Any CPU.Build.0 = Debug|Any CPU
		{5E18CD12-E8F1-49D7-8D09-E0B0E52E720D}.Release|Any CPU.ActiveCfg = Release|Any CPU
		{5E18CD12-E8F1-49D7-8D09-E0B0E52E720D}.Release|Any CPU.Build.0 = Release|Any CPU
		{B898BDF3-5D76-4F35-8617-2437C56C31F8}.Debug|Any CPU.ActiveCfg = Debug|Any CPU
		{B898BDF3-5D76-4F35-8617-2437C56C31F8}.Debug|Any CPU.Build.0 = Debug|Any CPU
		{B898BDF3-5D76-4F35-8617-2437C56C31F8}.Release|Any CPU.ActiveCfg = Release|Any CPU
		{B898BDF3-5D76-4F35-8617-2437C56C31F8}.Release|Any CPU.Build.0 = Release|Any CPU
		{767F2947-F494-4B8F-90D7-D0B1F99AD471}.Debug|Any CPU.ActiveCfg = Debug|Any CPU
		{767F2947-F494-4B8F-90D7-D0B1F99AD471}.Debug|Any CPU.Build.0 = Debug|Any CPU
		{767F2947-F494-4B8F-90D7-D0B1F99AD471}.Release|Any CPU.ActiveCfg = Release|Any CPU
		{767F2947-F494-4B8F-90D7-D0B1F99AD471}.Release|Any CPU.Build.0 = Release|Any CPU
		{246882C8-7F94-4F7B-9908-B923C7ABE0B1}.Debug|Any CPU.ActiveCfg = Debug|Any CPU
		{246882C8-7F94-4F7B-9908-B923C7ABE0B1}.Debug|Any CPU.Build.0 = Debug|Any CPU
		{246882C8-7F94-4F7B-9908-B923C7ABE0B1}.Release|Any CPU.ActiveCfg = Release|Any CPU
		{246882C8-7F94-4F7B-9908-B923C7ABE0B1}.Release|Any CPU.Build.0 = Release|Any CPU
		{C1C2BC21-35CC-411C-AEB1-B8172D595F87}.Debug|Any CPU.ActiveCfg = Debug|Any CPU
		{C1C2BC21-35CC-411C-AEB1-B8172D595F87}.Debug|Any CPU.Build.0 = Debug|Any CPU
		{C1C2BC21-35CC-411C-AEB1-B8172D595F87}.Release|Any CPU.ActiveCfg = Release|Any CPU
		{C1C2BC21-35CC-411C-AEB1-B8172D595F87}.Release|Any CPU.Build.0 = Release|Any CPU
		{9877B2B5-E76A-4AA6-8057-E7C271D2C254}.Debug|Any CPU.ActiveCfg = Debug|Any CPU
		{9877B2B5-E76A-4AA6-8057-E7C271D2C254}.Debug|Any CPU.Build.0 = Debug|Any CPU
		{9877B2B5-E76A-4AA6-8057-E7C271D2C254}.Release|Any CPU.ActiveCfg = Release|Any CPU
		{9877B2B5-E76A-4AA6-8057-E7C271D2C254}.Release|Any CPU.Build.0 = Release|Any CPU
		{D0079AC6-EDD9-45AD-9915-5BB233ACDBDE}.Debug|Any CPU.ActiveCfg = Debug|Any CPU
		{D0079AC6-EDD9-45AD-9915-5BB233ACDBDE}.Debug|Any CPU.Build.0 = Debug|Any CPU
		{D0079AC6-EDD9-45AD-9915-5BB233ACDBDE}.Release|Any CPU.ActiveCfg = Release|Any CPU
		{D0079AC6-EDD9-45AD-9915-5BB233ACDBDE}.Release|Any CPU.Build.0 = Release|Any CPU
		{DB439969-E20E-427F-BEF9-483BF4EA8825}.Debug|Any CPU.ActiveCfg = Debug|Any CPU
		{DB439969-E20E-427F-BEF9-483BF4EA8825}.Debug|Any CPU.Build.0 = Debug|Any CPU
		{DB439969-E20E-427F-BEF9-483BF4EA8825}.Release|Any CPU.ActiveCfg = Release|Any CPU
		{DB439969-E20E-427F-BEF9-483BF4EA8825}.Release|Any CPU.Build.0 = Release|Any CPU
		{C0D42C6F-7695-452D-9DAB-C576E45D989D}.Debug|Any CPU.ActiveCfg = Debug|Any CPU
		{C0D42C6F-7695-452D-9DAB-C576E45D989D}.Debug|Any CPU.Build.0 = Debug|Any CPU
		{C0D42C6F-7695-452D-9DAB-C576E45D989D}.Release|Any CPU.ActiveCfg = Release|Any CPU
		{C0D42C6F-7695-452D-9DAB-C576E45D989D}.Release|Any CPU.Build.0 = Release|Any CPU
	EndGlobalSection
	GlobalSection(SolutionProperties) = preSolution
		HideSolutionNode = FALSE
	EndGlobalSection
	GlobalSection(NestedProjects) = preSolution
		{96B36C76-BAA5-4CF6-B217-DBEE68047C09} = {C58327D1-C7D6-4CC4-AFFD-72C308DD1CA1}
		{6DDCCEE4-88DE-4A90-AED8-255AB3ECF186} = {C58327D1-C7D6-4CC4-AFFD-72C308DD1CA1}
		{E34D41B2-9CDD-481A-BC7D-23763C0B3AEB} = {C58327D1-C7D6-4CC4-AFFD-72C308DD1CA1}
		{E43D65E7-F812-4A13-86A4-7E21F83830BD} = {C58327D1-C7D6-4CC4-AFFD-72C308DD1CA1}
		{2E912BF7-6F7C-4FD3-B600-D4E7C80A6ECF} = {C58327D1-C7D6-4CC4-AFFD-72C308DD1CA1}
		{A9626562-7252-4A21-B1F9-C0C5DD394ECA} = {C58327D1-C7D6-4CC4-AFFD-72C308DD1CA1}
		{010AEA95-F5FB-445F-8F92-D2420879F34C} = {C58327D1-C7D6-4CC4-AFFD-72C308DD1CA1}
		{FAE61FB7-A46C-4462-83E6-23469850616A} = {C58327D1-C7D6-4CC4-AFFD-72C308DD1CA1}
		{F897421A-0288-4F90-8863-C1DC47FD53EC} = {C58327D1-C7D6-4CC4-AFFD-72C308DD1CA1}
		{5E18CD12-E8F1-49D7-8D09-E0B0E52E720D} = {C58327D1-C7D6-4CC4-AFFD-72C308DD1CA1}
		{B898BDF3-5D76-4F35-8617-2437C56C31F8} = {C58327D1-C7D6-4CC4-AFFD-72C308DD1CA1}
		{767F2947-F494-4B8F-90D7-D0B1F99AD471} = {C58327D1-C7D6-4CC4-AFFD-72C308DD1CA1}
		{CF9D1525-AA6B-48FF-8301-184FA869B7F4} = {A3875D84-E764-4687-8FB2-BD3927DE8AB7}
		{246882C8-7F94-4F7B-9908-B923C7ABE0B1} = {CF9D1525-AA6B-48FF-8301-184FA869B7F4}
		{C1C2BC21-35CC-411C-AEB1-B8172D595F87} = {CF9D1525-AA6B-48FF-8301-184FA869B7F4}
		{F5E0BF09-8FAB-4DE2-A353-618245419F22} = {93310AFF-01AF-4A26-A3F2-3564EEBC1A18}
		{9877B2B5-E76A-4AA6-8057-E7C271D2C254} = {F5E0BF09-8FAB-4DE2-A353-618245419F22}
		{D0079AC6-EDD9-45AD-9915-5BB233ACDBDE} = {F5E0BF09-8FAB-4DE2-A353-618245419F22}
		{90716FAD-93F2-4746-9DBD-8FA2CAFFD23D} = {C126D511-0463-45A4-8418-0A99EB1CAF3F}
		{DB439969-E20E-427F-BEF9-483BF4EA8825} = {90716FAD-93F2-4746-9DBD-8FA2CAFFD23D}
		{C0D42C6F-7695-452D-9DAB-C576E45D989D} = {90716FAD-93F2-4746-9DBD-8FA2CAFFD23D}
	EndGlobalSection
	GlobalSection(ExtensibilityGlobals) = postSolution
		SolutionGuid = {49C7D3A3-D7AD-481C-9F61-1BE72F28416D}
	EndGlobalSection
EndGlobal
